// !$*UTF8*$!
{
	archiveVersion = 1;
	classes = {
	};
	objectVersion = 50;
	objects = {

/* Begin PBXBuildFile section */
		C11AA53A2445F2CB00DB6398 /* ClientCommon.framework in Frameworks */ = {isa = PBXBuildFile; fileRef = C11AA5392445F2CB00DB6398 /* ClientCommon.framework */; };
		C11AA53D2445FB6400DB6398 /* SplashView.swift in Sources */ = {isa = PBXBuildFile; fileRef = C11AA53C2445FB6400DB6398 /* SplashView.swift */; };
		C11AA5472445FBCE00DB6398 /* SplashAssembly.swift in Sources */ = {isa = PBXBuildFile; fileRef = C11AA5462445FBCE00DB6398 /* SplashAssembly.swift */; };
		C11AA5632445FD3700DB6398 /* ViewSpecificController.swift in Sources */ = {isa = PBXBuildFile; fileRef = C11AA5622445FD3700DB6398 /* ViewSpecificController.swift */; };
		C11AA5652445FD6500DB6398 /* Assembly.swift in Sources */ = {isa = PBXBuildFile; fileRef = C11AA5642445FD6500DB6398 /* Assembly.swift */; };
		C11AA5672445FD8D00DB6398 /* TransitionHadler.swift in Sources */ = {isa = PBXBuildFile; fileRef = C11AA5662445FD8D00DB6398 /* TransitionHadler.swift */; };
		C14C83C2245D6DF700186D97 /* Settings.swift in Sources */ = {isa = PBXBuildFile; fileRef = C14C83C1245D6DF700186D97 /* Settings.swift */; };
		C156D0562454784700AC5EA2 /* Nibless.framework in Frameworks */ = {isa = PBXBuildFile; fileRef = C156D0552454783A00AC5EA2 /* Nibless.framework */; };
		C156D0572454784700AC5EA2 /* Nibless.framework in Embed Frameworks */ = {isa = PBXBuildFile; fileRef = C156D0552454783A00AC5EA2 /* Nibless.framework */; settings = {ATTRIBUTES = (CodeSignOnCopy, RemoveHeadersOnCopy, ); }; };
		C1F8B5D32454707F00AEF192 /* AuthAssembly.swift in Sources */ = {isa = PBXBuildFile; fileRef = C1F8B5D22454707F00AEF192 /* AuthAssembly.swift */; };
		C1F8B5D7245470C500AEF192 /* AuthController.swift in Sources */ = {isa = PBXBuildFile; fileRef = C1F8B5D6245470C500AEF192 /* AuthController.swift */; };
		C1F8B5D9245470D200AEF192 /* AuthView.swift in Sources */ = {isa = PBXBuildFile; fileRef = C1F8B5D8245470D200AEF192 /* AuthView.swift */; };
		E53F4C902443601800933F56 /* AppDelegate.swift in Sources */ = {isa = PBXBuildFile; fileRef = E53F4C8F2443601800933F56 /* AppDelegate.swift */; };
		E53F4C922443601800933F56 /* SceneDelegate.swift in Sources */ = {isa = PBXBuildFile; fileRef = E53F4C912443601800933F56 /* SceneDelegate.swift */; };
		E53F4C942443601800933F56 /* SplashController.swift in Sources */ = {isa = PBXBuildFile; fileRef = E53F4C932443601800933F56 /* SplashController.swift */; };
		E53F4C992443601B00933F56 /* Assets.xcassets in Resources */ = {isa = PBXBuildFile; fileRef = E53F4C982443601B00933F56 /* Assets.xcassets */; };
		E53F4C9C2443601B00933F56 /* LaunchScreen.storyboard in Resources */ = {isa = PBXBuildFile; fileRef = E53F4C9A2443601B00933F56 /* LaunchScreen.storyboard */; };
		E53F4CC32443705500933F56 /* ClientCommon.framework in Embed Frameworks */ = {isa = PBXBuildFile; fileRef = E53F4CC12443705500933F56 /* ClientCommon.framework */; settings = {ATTRIBUTES = (CodeSignOnCopy, RemoveHeadersOnCopy, ); }; };
/* End PBXBuildFile section */

/* Begin PBXContainerItemProxy section */
		C156D0542454783A00AC5EA2 /* PBXContainerItemProxy */ = {
			isa = PBXContainerItemProxy;
			containerPortal = C156D0502454783A00AC5EA2 /* Nibless.xcodeproj */;
			proxyType = 2;
			remoteGlobalIDString = C100725C243CA5E2004CB175;
			remoteInfo = Nibless;
		};
/* End PBXContainerItemProxy section */

/* Begin PBXCopyFilesBuildPhase section */
		E53F4CC42443705500933F56 /* Embed Frameworks */ = {
			isa = PBXCopyFilesBuildPhase;
			buildActionMask = 2147483647;
			dstPath = "";
			dstSubfolderSpec = 10;
			files = (
				E53F4CC32443705500933F56 /* ClientCommon.framework in Embed Frameworks */,
				C156D0572454784700AC5EA2 /* Nibless.framework in Embed Frameworks */,
			);
			name = "Embed Frameworks";
			runOnlyForDeploymentPostprocessing = 0;
		};
/* End PBXCopyFilesBuildPhase section */

/* Begin PBXFileReference section */
		C11AA5392445F2CB00DB6398 /* ClientCommon.framework */ = {isa = PBXFileReference; lastKnownFileType = wrapper.framework; name = ClientCommon.framework; path = "../../client-common/build/xcode-frameworks/ClientCommon.framework"; sourceTree = "<group>"; };
		C11AA53C2445FB6400DB6398 /* SplashView.swift */ = {isa = PBXFileReference; lastKnownFileType = sourcecode.swift; path = SplashView.swift; sourceTree = "<group>"; };
		C11AA5462445FBCE00DB6398 /* SplashAssembly.swift */ = {isa = PBXFileReference; lastKnownFileType = sourcecode.swift; path = SplashAssembly.swift; sourceTree = "<group>"; };
		C11AA5622445FD3700DB6398 /* ViewSpecificController.swift */ = {isa = PBXFileReference; lastKnownFileType = sourcecode.swift; path = ViewSpecificController.swift; sourceTree = "<group>"; };
		C11AA5642445FD6500DB6398 /* Assembly.swift */ = {isa = PBXFileReference; lastKnownFileType = sourcecode.swift; path = Assembly.swift; sourceTree = "<group>"; };
		C11AA5662445FD8D00DB6398 /* TransitionHadler.swift */ = {isa = PBXFileReference; lastKnownFileType = sourcecode.swift; path = TransitionHadler.swift; sourceTree = "<group>"; };
		C11F56CE244C9AD300A6C3CD /* Config.xcconfig */ = {isa = PBXFileReference; lastKnownFileType = text.xcconfig; path = Config.xcconfig; sourceTree = "<group>"; };
		C14C83C1245D6DF700186D97 /* Settings.swift */ = {isa = PBXFileReference; lastKnownFileType = sourcecode.swift; path = Settings.swift; sourceTree = "<group>"; };
		C156D0502454783A00AC5EA2 /* Nibless.xcodeproj */ = {isa = PBXFileReference; lastKnownFileType = "wrapper.pb-project"; name = Nibless.xcodeproj; path = ../../../../../../swift/Frameworks/Nibless/Nibless.xcodeproj; sourceTree = "<group>"; };
		C1F8B5D22454707F00AEF192 /* AuthAssembly.swift */ = {isa = PBXFileReference; lastKnownFileType = sourcecode.swift; path = AuthAssembly.swift; sourceTree = "<group>"; };
		C1F8B5D6245470C500AEF192 /* AuthController.swift */ = {isa = PBXFileReference; lastKnownFileType = sourcecode.swift; path = AuthController.swift; sourceTree = "<group>"; };
		C1F8B5D8245470D200AEF192 /* AuthView.swift */ = {isa = PBXFileReference; lastKnownFileType = sourcecode.swift; path = AuthView.swift; sourceTree = "<group>"; };
		E53F4C8C2443601800933F56 /* MemeApp.app */ = {isa = PBXFileReference; explicitFileType = wrapper.application; includeInIndex = 0; path = MemeApp.app; sourceTree = BUILT_PRODUCTS_DIR; };
		E53F4C8F2443601800933F56 /* AppDelegate.swift */ = {isa = PBXFileReference; lastKnownFileType = sourcecode.swift; path = AppDelegate.swift; sourceTree = "<group>"; };
		E53F4C912443601800933F56 /* SceneDelegate.swift */ = {isa = PBXFileReference; lastKnownFileType = sourcecode.swift; path = SceneDelegate.swift; sourceTree = "<group>"; };
		E53F4C932443601800933F56 /* SplashController.swift */ = {isa = PBXFileReference; lastKnownFileType = sourcecode.swift; path = SplashController.swift; sourceTree = "<group>"; };
		E53F4C982443601B00933F56 /* Assets.xcassets */ = {isa = PBXFileReference; lastKnownFileType = folder.assetcatalog; path = Assets.xcassets; sourceTree = "<group>"; };
		E53F4C9B2443601B00933F56 /* Base */ = {isa = PBXFileReference; lastKnownFileType = file.storyboard; name = Base; path = Base.lproj/LaunchScreen.storyboard; sourceTree = "<group>"; };
		E53F4C9D2443601B00933F56 /* Info.plist */ = {isa = PBXFileReference; lastKnownFileType = text.plist.xml; path = Info.plist; sourceTree = "<group>"; };
		E53F4CA62443601B00933F56 /* MemeAppTests.swift */ = {isa = PBXFileReference; lastKnownFileType = sourcecode.swift; path = MemeAppTests.swift; sourceTree = "<group>"; };
		E53F4CA82443601B00933F56 /* Info.plist */ = {isa = PBXFileReference; lastKnownFileType = text.plist.xml; path = Info.plist; sourceTree = "<group>"; };
		E53F4CB12443601B00933F56 /* MemeAppUITests.swift */ = {isa = PBXFileReference; lastKnownFileType = sourcecode.swift; path = MemeAppUITests.swift; sourceTree = "<group>"; };
		E53F4CB32443601B00933F56 /* Info.plist */ = {isa = PBXFileReference; lastKnownFileType = text.plist.xml; path = Info.plist; sourceTree = "<group>"; };
		E53F4CC02443701400933F56 /* client-common */ = {isa = PBXFileReference; lastKnownFileType = folder; name = "client-common"; path = "../../client-common"; sourceTree = "<group>"; };
		E53F4CC12443705500933F56 /* ClientCommon.framework */ = {isa = PBXFileReference; lastKnownFileType = wrapper.framework; name = ClientCommon.framework; path = "../../client-common/build/xcode-frameworks/ClientCommon.framework"; sourceTree = "<group>"; };
/* End PBXFileReference section */

/* Begin PBXFrameworksBuildPhase section */
		E53F4C892443601700933F56 /* Frameworks */ = {
			isa = PBXFrameworksBuildPhase;
			buildActionMask = 2147483647;
			files = (
				C11AA53A2445F2CB00DB6398 /* ClientCommon.framework in Frameworks */,
				C156D0562454784700AC5EA2 /* Nibless.framework in Frameworks */,
			);
			runOnlyForDeploymentPostprocessing = 0;
		};
/* End PBXFrameworksBuildPhase section */

/* Begin PBXGroup section */
		C11AA53B2445FB0D00DB6398 /* Splash */ = {
			isa = PBXGroup;
			children = (
				C11AA5462445FBCE00DB6398 /* SplashAssembly.swift */,
				E53F4C932443601800933F56 /* SplashController.swift */,
				C11AA53C2445FB6400DB6398 /* SplashView.swift */,
			);
			path = Splash;
			sourceTree = "<group>";
		};
		C11AA5482445FBE500DB6398 /* Support files */ = {
			isa = PBXGroup;
			children = (
				E53F4C982443601B00933F56 /* Assets.xcassets */,
				E53F4C9A2443601B00933F56 /* LaunchScreen.storyboard */,
				C11F56CE244C9AD300A6C3CD /* Config.xcconfig */,
			);
			path = "Support files";
			sourceTree = "<group>";
		};
		C11AA5492445FBEE00DB6398 /* Application layer */ = {
			isa = PBXGroup;
			children = (
				E53F4C8F2443601800933F56 /* AppDelegate.swift */,
				E53F4C912443601800933F56 /* SceneDelegate.swift */,
			);
			path = "Application layer";
			sourceTree = "<group>";
		};
		C11AA54A2445FBFF00DB6398 /* Modules */ = {
			isa = PBXGroup;
			children = (
				C11AA53B2445FB0D00DB6398 /* Splash */,
				C1F8B5D5245470B900AEF192 /* Auth */,
			);
			path = Modules;
			sourceTree = "<group>";
		};
		C11AA5532445FC9C00DB6398 /* Common */ = {
			isa = PBXGroup;
			children = (
				C156D04F2454781D00AC5EA2 /* UI */,
				C11AA5612445FD0100DB6398 /* Protocols */,
			);
			path = Common;
			sourceTree = "<group>";
		};
		C11AA5612445FD0100DB6398 /* Protocols */ = {
			isa = PBXGroup;
			children = (
				C11AA5622445FD3700DB6398 /* ViewSpecificController.swift */,
				C11AA5642445FD6500DB6398 /* Assembly.swift */,
				C11AA5662445FD8D00DB6398 /* TransitionHadler.swift */,
			);
			path = Protocols;
			sourceTree = "<group>";
		};
		C14C83C4245D6E0100186D97 /* Core */ = {
			isa = PBXGroup;
			children = (
				C14C83C1245D6DF700186D97 /* Settings.swift */,
			);
			path = Core;
			sourceTree = "<group>";
		};
		C156D04F2454781D00AC5EA2 /* UI */ = {
			isa = PBXGroup;
			children = (
				C156D0502454783A00AC5EA2 /* Nibless.xcodeproj */,
			);
			path = UI;
			sourceTree = "<group>";
		};
		C156D0512454783A00AC5EA2 /* Products */ = {
			isa = PBXGroup;
			children = (
				C156D0552454783A00AC5EA2 /* Nibless.framework */,
			);
			name = Products;
			sourceTree = "<group>";
		};
		C1F8B5D5245470B900AEF192 /* Auth */ = {
			isa = PBXGroup;
			children = (
				C1F8B5D22454707F00AEF192 /* AuthAssembly.swift */,
				C1F8B5D6245470C500AEF192 /* AuthController.swift */,
				C1F8B5D8245470D200AEF192 /* AuthView.swift */,
			);
			path = Auth;
			sourceTree = "<group>";
		};
		E53F4C832443601700933F56 = {
			isa = PBXGroup;
			children = (
				C11AA5392445F2CB00DB6398 /* ClientCommon.framework */,
				E53F4C8E2443601800933F56 /* MemeApp */,
				E53F4CA52443601B00933F56 /* MemeAppTests */,
				E53F4CB02443601B00933F56 /* MemeAppUITests */,
				E53F4C8D2443601800933F56 /* Products */,
				E53F4CBF2443701400933F56 /* Frameworks */,
				EDF72A0353DFEEACBEBE6BB3 /* Pods */,
			);
			sourceTree = "<group>";
		};
		E53F4C8D2443601800933F56 /* Products */ = {
			isa = PBXGroup;
			children = (
				E53F4C8C2443601800933F56 /* MemeApp.app */,
			);
			name = Products;
			sourceTree = "<group>";
		};
		E53F4C8E2443601800933F56 /* MemeApp */ = {
			isa = PBXGroup;
			children = (
				C11AA5532445FC9C00DB6398 /* Common */,
				C14C83C4245D6E0100186D97 /* Core */,
				C11AA54A2445FBFF00DB6398 /* Modules */,
				C11AA5492445FBEE00DB6398 /* Application layer */,
				C11AA5482445FBE500DB6398 /* Support files */,
				E53F4C9D2443601B00933F56 /* Info.plist */,
			);
			path = MemeApp;
			sourceTree = "<group>";
		};
		E53F4CA52443601B00933F56 /* MemeAppTests */ = {
			isa = PBXGroup;
			children = (
				E53F4CA62443601B00933F56 /* MemeAppTests.swift */,
				E53F4CA82443601B00933F56 /* Info.plist */,
			);
			path = MemeAppTests;
			sourceTree = "<group>";
		};
		E53F4CB02443601B00933F56 /* MemeAppUITests */ = {
			isa = PBXGroup;
			children = (
				E53F4CB12443601B00933F56 /* MemeAppUITests.swift */,
				E53F4CB32443601B00933F56 /* Info.plist */,
			);
			path = MemeAppUITests;
			sourceTree = "<group>";
		};
		E53F4CBF2443701400933F56 /* Frameworks */ = {
			isa = PBXGroup;
			children = (
				E53F4CC12443705500933F56 /* ClientCommon.framework */,
				E53F4CC02443701400933F56 /* client-common */,
			);
			name = Frameworks;
			sourceTree = "<group>";
		};
		EDF72A0353DFEEACBEBE6BB3 /* Pods */ = {
			isa = PBXGroup;
			children = (
			);
			path = Pods;
			sourceTree = "<group>";
		};
/* End PBXGroup section */

/* Begin PBXNativeTarget section */
		E53F4C8B2443601700933F56 /* MemeApp */ = {
			isa = PBXNativeTarget;
			buildConfigurationList = E53F4CB62443601B00933F56 /* Build configuration list for PBXNativeTarget "MemeApp" */;
			buildPhases = (
				E53F4C882443601700933F56 /* Sources */,
				C1FFC5AE245D811E009D18C1 /* SwiftLint */,
				E53F4C892443601700933F56 /* Frameworks */,
				E53F4C8A2443601700933F56 /* Resources */,
				E53F4CC42443705500933F56 /* Embed Frameworks */,
			);
			buildRules = (
			);
			dependencies = (
			);
			name = MemeApp;
			productName = MemeApp;
			productReference = E53F4C8C2443601800933F56 /* MemeApp.app */;
			productType = "com.apple.product-type.application";
		};
/* End PBXNativeTarget section */

/* Begin PBXProject section */
		E53F4C842443601700933F56 /* Project object */ = {
			isa = PBXProject;
			attributes = {
				LastSwiftUpdateCheck = 1130;
				LastUpgradeCheck = 1140;
				ORGANIZATIONNAME = MemeApp;
				TargetAttributes = {
					E53F4C8B2443601700933F56 = {
						CreatedOnToolsVersion = 11.3.1;
					};
				};
			};
			buildConfigurationList = E53F4C872443601700933F56 /* Build configuration list for PBXProject "MemeApp" */;
			compatibilityVersion = "Xcode 9.3";
			developmentRegion = en;
			hasScannedForEncodings = 0;
			knownRegions = (
				en,
				Base,
			);
			mainGroup = E53F4C832443601700933F56;
			productRefGroup = E53F4C8D2443601800933F56 /* Products */;
			projectDirPath = "";
			projectReferences = (
				{
					ProductGroup = C156D0512454783A00AC5EA2 /* Products */;
					ProjectRef = C156D0502454783A00AC5EA2 /* Nibless.xcodeproj */;
				},
			);
			projectRoot = "";
			targets = (
				E53F4C8B2443601700933F56 /* MemeApp */,
			);
		};
/* End PBXProject section */

/* Begin PBXReferenceProxy section */
		C156D0552454783A00AC5EA2 /* Nibless.framework */ = {
			isa = PBXReferenceProxy;
			fileType = wrapper.framework;
			path = Nibless.framework;
			remoteRef = C156D0542454783A00AC5EA2 /* PBXContainerItemProxy */;
			sourceTree = BUILT_PRODUCTS_DIR;
		};
/* End PBXReferenceProxy section */

/* Begin PBXResourcesBuildPhase section */
		E53F4C8A2443601700933F56 /* Resources */ = {
			isa = PBXResourcesBuildPhase;
			buildActionMask = 2147483647;
			files = (
				E53F4C9C2443601B00933F56 /* LaunchScreen.storyboard in Resources */,
				E53F4C992443601B00933F56 /* Assets.xcassets in Resources */,
			);
			runOnlyForDeploymentPostprocessing = 0;
		};
/* End PBXResourcesBuildPhase section */

/* Begin PBXShellScriptBuildPhase section */
		C1FFC5AE245D811E009D18C1 /* SwiftLint */ = {
			isa = PBXShellScriptBuildPhase;
			buildActionMask = 2147483647;
			files = (
			);
			inputFileListPaths = (
			);
			inputPaths = (
			);
			name = SwiftLint;
			outputFileListPaths = (
			);
			outputPaths = (
			);
			runOnlyForDeploymentPostprocessing = 0;
			shellPath = /bin/sh;
			shellScript = "if which swiftlint >/dev/null; then\n  swiftlint\nelse\n  echo \"error: SwiftLint does not exist, download it from https://github.com/realm/SwiftLint\"\n  exit 1\nfi\n";
		};
/* End PBXShellScriptBuildPhase section */

/* Begin PBXSourcesBuildPhase section */
		E53F4C882443601700933F56 /* Sources */ = {
			isa = PBXSourcesBuildPhase;
			buildActionMask = 2147483647;
			files = (
				C11AA5632445FD3700DB6398 /* ViewSpecificController.swift in Sources */,
				E53F4C942443601800933F56 /* SplashController.swift in Sources */,
				C11AA53D2445FB6400DB6398 /* SplashView.swift in Sources */,
				C1F8B5D32454707F00AEF192 /* AuthAssembly.swift in Sources */,
				C11AA5652445FD6500DB6398 /* Assembly.swift in Sources */,
				C11AA5672445FD8D00DB6398 /* TransitionHadler.swift in Sources */,
				C14C83C2245D6DF700186D97 /* Settings.swift in Sources */,
				E53F4C902443601800933F56 /* AppDelegate.swift in Sources */,
				C1F8B5D7245470C500AEF192 /* AuthController.swift in Sources */,
				C11AA5472445FBCE00DB6398 /* SplashAssembly.swift in Sources */,
				C1F8B5D9245470D200AEF192 /* AuthView.swift in Sources */,
				E53F4C922443601800933F56 /* SceneDelegate.swift in Sources */,
			);
			runOnlyForDeploymentPostprocessing = 0;
		};
/* End PBXSourcesBuildPhase section */

/* Begin PBXVariantGroup section */
		E53F4C9A2443601B00933F56 /* LaunchScreen.storyboard */ = {
			isa = PBXVariantGroup;
			children = (
				E53F4C9B2443601B00933F56 /* Base */,
			);
			name = LaunchScreen.storyboard;
			sourceTree = "<group>";
		};
/* End PBXVariantGroup section */

/* Begin XCBuildConfiguration section */
		E53F4CB42443601B00933F56 /* Debug */ = {
			isa = XCBuildConfiguration;
			baseConfigurationReference = C11F56CE244C9AD300A6C3CD /* Config.xcconfig */;
			buildSettings = {
				ALWAYS_SEARCH_USER_PATHS = NO;
				CLANG_ANALYZER_NONNULL = YES;
				CLANG_ANALYZER_NUMBER_OBJECT_CONVERSION = YES_AGGRESSIVE;
				CLANG_CXX_LANGUAGE_STANDARD = "gnu++14";
				CLANG_CXX_LIBRARY = "libc++";
				CLANG_ENABLE_MODULES = YES;
				CLANG_ENABLE_OBJC_ARC = YES;
				CLANG_ENABLE_OBJC_WEAK = YES;
				CLANG_WARN_BLOCK_CAPTURE_AUTORELEASING = YES;
				CLANG_WARN_BOOL_CONVERSION = YES;
				CLANG_WARN_COMMA = YES;
				CLANG_WARN_CONSTANT_CONVERSION = YES;
				CLANG_WARN_DEPRECATED_OBJC_IMPLEMENTATIONS = YES;
				CLANG_WARN_DIRECT_OBJC_ISA_USAGE = YES_ERROR;
				CLANG_WARN_DOCUMENTATION_COMMENTS = YES;
				CLANG_WARN_EMPTY_BODY = YES;
				CLANG_WARN_ENUM_CONVERSION = YES;
				CLANG_WARN_INFINITE_RECURSION = YES;
				CLANG_WARN_INT_CONVERSION = YES;
				CLANG_WARN_NON_LITERAL_NULL_CONVERSION = YES;
				CLANG_WARN_OBJC_IMPLICIT_RETAIN_SELF = YES;
				CLANG_WARN_OBJC_LITERAL_CONVERSION = YES;
				CLANG_WARN_OBJC_ROOT_CLASS = YES_ERROR;
				CLANG_WARN_RANGE_LOOP_ANALYSIS = YES;
				CLANG_WARN_STRICT_PROTOTYPES = YES;
				CLANG_WARN_SUSPICIOUS_MOVE = YES;
				CLANG_WARN_UNGUARDED_AVAILABILITY = YES_AGGRESSIVE;
				CLANG_WARN_UNREACHABLE_CODE = YES;
				CLANG_WARN__DUPLICATE_METHOD_MATCH = YES;
				COPY_PHASE_STRIP = NO;
				DEBUG_INFORMATION_FORMAT = dwarf;
				ENABLE_STRICT_OBJC_MSGSEND = YES;
				ENABLE_TESTABILITY = YES;
				GCC_C_LANGUAGE_STANDARD = gnu11;
				GCC_DYNAMIC_NO_PIC = NO;
				GCC_NO_COMMON_BLOCKS = YES;
				GCC_OPTIMIZATION_LEVEL = 0;
				GCC_PREPROCESSOR_DEFINITIONS = (
					"DEBUG=1",
					"$(inherited)",
				);
				GCC_WARN_64_TO_32_BIT_CONVERSION = YES;
				GCC_WARN_ABOUT_RETURN_TYPE = YES_ERROR;
				GCC_WARN_UNDECLARED_SELECTOR = YES;
				GCC_WARN_UNINITIALIZED_AUTOS = YES_AGGRESSIVE;
				GCC_WARN_UNUSED_FUNCTION = YES;
				GCC_WARN_UNUSED_VARIABLE = YES;
				IPHONEOS_DEPLOYMENT_TARGET = 11.0;
				MTL_ENABLE_DEBUG_INFO = INCLUDE_SOURCE;
				MTL_FAST_MATH = YES;
				ONLY_ACTIVE_ARCH = YES;
				SDKROOT = iphoneos;
				SWIFT_ACTIVE_COMPILATION_CONDITIONS = DEBUG;
				SWIFT_OPTIMIZATION_LEVEL = "-Onone";
			};
			name = Debug;
		};
		E53F4CB52443601B00933F56 /* Release */ = {
			isa = XCBuildConfiguration;
			buildSettings = {
				ALWAYS_SEARCH_USER_PATHS = NO;
				CLANG_ANALYZER_NONNULL = YES;
				CLANG_ANALYZER_NUMBER_OBJECT_CONVERSION = YES_AGGRESSIVE;
				CLANG_CXX_LANGUAGE_STANDARD = "gnu++14";
				CLANG_CXX_LIBRARY = "libc++";
				CLANG_ENABLE_MODULES = YES;
				CLANG_ENABLE_OBJC_ARC = YES;
				CLANG_ENABLE_OBJC_WEAK = YES;
				CLANG_WARN_BLOCK_CAPTURE_AUTORELEASING = YES;
				CLANG_WARN_BOOL_CONVERSION = YES;
				CLANG_WARN_COMMA = YES;
				CLANG_WARN_CONSTANT_CONVERSION = YES;
				CLANG_WARN_DEPRECATED_OBJC_IMPLEMENTATIONS = YES;
				CLANG_WARN_DIRECT_OBJC_ISA_USAGE = YES_ERROR;
				CLANG_WARN_DOCUMENTATION_COMMENTS = YES;
				CLANG_WARN_EMPTY_BODY = YES;
				CLANG_WARN_ENUM_CONVERSION = YES;
				CLANG_WARN_INFINITE_RECURSION = YES;
				CLANG_WARN_INT_CONVERSION = YES;
				CLANG_WARN_NON_LITERAL_NULL_CONVERSION = YES;
				CLANG_WARN_OBJC_IMPLICIT_RETAIN_SELF = YES;
				CLANG_WARN_OBJC_LITERAL_CONVERSION = YES;
				CLANG_WARN_OBJC_ROOT_CLASS = YES_ERROR;
				CLANG_WARN_RANGE_LOOP_ANALYSIS = YES;
				CLANG_WARN_STRICT_PROTOTYPES = YES;
				CLANG_WARN_SUSPICIOUS_MOVE = YES;
				CLANG_WARN_UNGUARDED_AVAILABILITY = YES_AGGRESSIVE;
				CLANG_WARN_UNREACHABLE_CODE = YES;
				CLANG_WARN__DUPLICATE_METHOD_MATCH = YES;
				COPY_PHASE_STRIP = NO;
				DEBUG_INFORMATION_FORMAT = "dwarf-with-dsym";
				ENABLE_NS_ASSERTIONS = NO;
				ENABLE_STRICT_OBJC_MSGSEND = YES;
				GCC_C_LANGUAGE_STANDARD = gnu11;
				GCC_NO_COMMON_BLOCKS = YES;
				GCC_WARN_64_TO_32_BIT_CONVERSION = YES;
				GCC_WARN_ABOUT_RETURN_TYPE = YES_ERROR;
				GCC_WARN_UNDECLARED_SELECTOR = YES;
				GCC_WARN_UNINITIALIZED_AUTOS = YES_AGGRESSIVE;
				GCC_WARN_UNUSED_FUNCTION = YES;
				GCC_WARN_UNUSED_VARIABLE = YES;
				IPHONEOS_DEPLOYMENT_TARGET = 11.0;
				MTL_ENABLE_DEBUG_INFO = NO;
				MTL_FAST_MATH = YES;
				SDKROOT = iphoneos;
				SWIFT_COMPILATION_MODE = wholemodule;
				SWIFT_OPTIMIZATION_LEVEL = "-O";
				VALIDATE_PRODUCT = YES;
			};
			name = Release;
		};
		E53F4CB72443601B00933F56 /* Debug */ = {
			isa = XCBuildConfiguration;
			buildSettings = {
				ASSETCATALOG_COMPILER_APPICON_NAME = AppIcon;
				CODE_SIGN_STYLE = Automatic;
				DEVELOPMENT_TEAM = N9SGQL8822;
				"FRAMEWORK_SEARCH_PATHS[arch=*]" = "/Users/godemodegame/memeapp/client-common/build/xcode-frameworks";
				INFOPLIST_FILE = MemeApp/Info.plist;
				IPHONEOS_DEPLOYMENT_TARGET = 11.0;
				LD_RUNPATH_SEARCH_PATHS = (
					"$(inherited)",
					"@executable_path/Frameworks",
				);
				PRODUCT_BUNDLE_IDENTIFIER = ru.memebattle.MemeApp;
				PRODUCT_NAME = "$(TARGET_NAME)";
				SWIFT_VERSION = 5.0;
				TARGETED_DEVICE_FAMILY = "1,2";
			};
			name = Debug;
		};
		E53F4CB82443601B00933F56 /* Release */ = {
			isa = XCBuildConfiguration;
			buildSettings = {
				ASSETCATALOG_COMPILER_APPICON_NAME = AppIcon;
				CODE_SIGN_STYLE = Automatic;
				DEVELOPMENT_TEAM = N9SGQL8822;
				"FRAMEWORK_SEARCH_PATHS[arch=*]" = "/Users/godemodegame/memeapp/client-common/build/xcode-frameworks";
				INFOPLIST_FILE = MemeApp/Info.plist;
				IPHONEOS_DEPLOYMENT_TARGET = 11.0;
				LD_RUNPATH_SEARCH_PATHS = (
					"$(inherited)",
					"@executable_path/Frameworks",
				);
				PRODUCT_BUNDLE_IDENTIFIER = ru.memebattle.MemeApp;
				PRODUCT_NAME = "$(TARGET_NAME)";
				SWIFT_VERSION = 5.0;
				TARGETED_DEVICE_FAMILY = "1,2";
			};
			name = Release;
		};
/* End XCBuildConfiguration section */

/* Begin XCConfigurationList section */
		E53F4C872443601700933F56 /* Build configuration list for PBXProject "MemeApp" */ = {
			isa = XCConfigurationList;
			buildConfigurations = (
				E53F4CB42443601B00933F56 /* Debug */,
				E53F4CB52443601B00933F56 /* Release */,
			);
			defaultConfigurationIsVisible = 0;
			defaultConfigurationName = Release;
		};
		E53F4CB62443601B00933F56 /* Build configuration list for PBXNativeTarget "MemeApp" */ = {
			isa = XCConfigurationList;
			buildConfigurations = (
				E53F4CB72443601B00933F56 /* Debug */,
				E53F4CB82443601B00933F56 /* Release */,
			);
			defaultConfigurationIsVisible = 0;
			defaultConfigurationName = Release;
		};
/* End XCConfigurationList section */
	};
	rootObject = E53F4C842443601700933F56 /* Project object */;
}
